
Microsoft Visual Studio Solution File, Format Version 12.00
# Visual Studio 14
VisualStudioVersion = 14.0.23107.0
MinimumVisualStudioVersion = 10.0.40219.1
Project("{FAE04EC0-301F-11D3-BF4B-00C04F79EFBC}") = "TeamDashboard", "Dashboard\TeamDashboard.csproj", "{804D7391-F138-4CBD-8D72-8B3D07BF011A}"
EndProject
Project("{FAE04EC0-301F-11D3-BF4B-00C04F79EFBC}") = "TeamDashboard.Tests", "Tests\TeamDashboard.Tests.csproj", "{52DDAE2D-F8C4-4462-A6F6-C63867ACD86D}"
EndProject
Project("{FAE04EC0-301F-11D3-BF4B-00C04F79EFBC}") = "TeamDashboard.Framework", "Dashboard.Framework\TeamDashboard.Framework.csproj", "{1F19C0DE-E777-48E9-856B-7376A7527EC0}"
EndProject
Global
	GlobalSection(SolutionConfigurationPlatforms) = preSolution
		Debug|Any CPU = Debug|Any CPU
		Release|Any CPU = Release|Any CPU
	EndGlobalSection
	GlobalSection(ProjectConfigurationPlatforms) = postSolution
		{804D7391-F138-4CBD-8D72-8B3D07BF011A}.Debug|Any CPU.ActiveCfg = Debug|Any CPU
		{804D7391-F138-4CBD-8D72-8B3D07BF011A}.Debug|Any CPU.Build.0 = Debug|Any CPU
		{804D7391-F138-4CBD-8D72-8B3D07BF011A}.Release|Any CPU.ActiveCfg = Release|Any CPU
		{804D7391-F138-4CBD-8D72-8B3D07BF011A}.Release|Any CPU.Build.0 = Release|Any CPU
		{52DDAE2D-F8C4-4462-A6F6-C63867ACD86D}.Debug|Any CPU.ActiveCfg = Debug|Any CPU
		{52DDAE2D-F8C4-4462-A6F6-C63867ACD86D}.Debug|Any CPU.Build.0 = Debug|Any CPU
		{52DDAE2D-F8C4-4462-A6F6-C63867ACD86D}.Release|Any CPU.ActiveCfg = Release|Any CPU
		{52DDAE2D-F8C4-4462-A6F6-C63867ACD86D}.Release|Any CPU.Build.0 = Release|Any CPU
		{1F19C0DE-E777-48E9-856B-7376A7527EC0}.Debug|Any CPU.ActiveCfg = Debug|Any CPU
		{1F19C0DE-E777-48E9-856B-7376A7527EC0}.Debug|Any CPU.Build.0 = Debug|Any CPU
		{1F19C0DE-E777-48E9-856B-7376A7527EC0}.Release|Any CPU.ActiveCfg = Release|Any CPU
		{1F19C0DE-E777-48E9-856B-7376A7527EC0}.Release|Any CPU.Build.0 = Release|Any CPU
	EndGlobalSection
	GlobalSection(SolutionProperties) = preSolution
		HideSolutionNode = FALSE
	EndGlobalSection
EndGlobal
