
Microsoft Visual Studio Solution File, Format Version 12.00
# Visual Studio 14
VisualStudioVersion = 14.0.23107.0
MinimumVisualStudioVersion = 10.0.40219.1
Project("{FAE04EC0-301F-11D3-BF4B-00C04F79EFBC}") = "SystemsDashboard", "Dashboard\SystemsDashboard.csproj", "{804D7391-F138-4CBD-8D72-8B3D07BF011A}"
EndProject
Project("{FAE04EC0-301F-11D3-BF4B-00C04F79EFBC}") = "SystemsDashboard.Tests", "Tests\SystemsDashboard.Tests.csproj", "{52DDAE2D-F8C4-4462-A6F6-C63867ACD86D}"
EndProject
Project("{FAE04EC0-301F-11D3-BF4B-00C04F79EFBC}") = "SystemsDashboard.Framework", "Dashboard.Framework\SystemsDashboard.Framework.csproj", "{1F19C0DE-E777-48E9-856B-7376A7527EC0}"
EndProject
Project("{930C7802-8A8C-48F9-8165-68863BCCD9DD}") = "SystemsDashboardInstaller", "SystemsDashboardInstaller\SystemsDashboardInstaller.wixproj", "{B2FEBEE3-398C-42C7-8365-7FA47828FC98}"
EndProject
Project("{2150E333-8FDC-42A3-9474-1A3956D46DE8}") = "Documents", "Documents", "{0B50194A-CE8A-49CE-9AE2-CD4C96598A92}"
	ProjectSection(SolutionItems) = preProject
		README.md = README.md
	EndProjectSection
EndProject
Project("{2150E333-8FDC-42A3-9474-1A3956D46DE8}") = "Images", "Images", "{260E653D-BA80-4D11-B95F-BFAAF7801ABA}"
	ProjectSection(SolutionItems) = preProject
		Images\Screenshot01.png = Images\Screenshot01.png
		Images\Screenshot_MessageTile.png = Images\Screenshot_MessageTile.png
		Images\Screenshot_MessageTile_Config.png = Images\Screenshot_MessageTile_Config.png
		Images\Screenshot_TC_AgentTile_Error.png = Images\Screenshot_TC_AgentTile_Error.png
		Images\Screenshot_TC_ConfigTile_Building.png = Images\Screenshot_TC_ConfigTile_Building.png
		Images\Screenshot_TC_ConfigTile_Failed.png = Images\Screenshot_TC_ConfigTile_Failed.png
		Images\Screenshot_TC_ConfigTile_Succeeded.png = Images\Screenshot_TC_ConfigTile_Succeeded.png
		Images\Screenshot_TodaysDateTile.png = Images\Screenshot_TodaysDateTile.png
	EndProjectSection
EndProject
Global
	GlobalSection(SolutionConfigurationPlatforms) = preSolution
		Debug|Any CPU = Debug|Any CPU
		Debug|x86 = Debug|x86
		Release|Any CPU = Release|Any CPU
		Release|x86 = Release|x86
	EndGlobalSection
	GlobalSection(ProjectConfigurationPlatforms) = postSolution
		{804D7391-F138-4CBD-8D72-8B3D07BF011A}.Debug|Any CPU.ActiveCfg = Debug|Any CPU
		{804D7391-F138-4CBD-8D72-8B3D07BF011A}.Debug|Any CPU.Build.0 = Debug|Any CPU
		{804D7391-F138-4CBD-8D72-8B3D07BF011A}.Debug|x86.ActiveCfg = Debug|Any CPU
		{804D7391-F138-4CBD-8D72-8B3D07BF011A}.Debug|x86.Build.0 = Debug|Any CPU
		{804D7391-F138-4CBD-8D72-8B3D07BF011A}.Release|Any CPU.ActiveCfg = Release|Any CPU
		{804D7391-F138-4CBD-8D72-8B3D07BF011A}.Release|Any CPU.Build.0 = Release|Any CPU
		{804D7391-F138-4CBD-8D72-8B3D07BF011A}.Release|x86.ActiveCfg = Release|Any CPU
		{804D7391-F138-4CBD-8D72-8B3D07BF011A}.Release|x86.Build.0 = Release|Any CPU
		{52DDAE2D-F8C4-4462-A6F6-C63867ACD86D}.Debug|Any CPU.ActiveCfg = Debug|Any CPU
		{52DDAE2D-F8C4-4462-A6F6-C63867ACD86D}.Debug|Any CPU.Build.0 = Debug|Any CPU
		{52DDAE2D-F8C4-4462-A6F6-C63867ACD86D}.Debug|x86.ActiveCfg = Debug|Any CPU
		{52DDAE2D-F8C4-4462-A6F6-C63867ACD86D}.Debug|x86.Build.0 = Debug|Any CPU
		{52DDAE2D-F8C4-4462-A6F6-C63867ACD86D}.Release|Any CPU.ActiveCfg = Release|Any CPU
		{52DDAE2D-F8C4-4462-A6F6-C63867ACD86D}.Release|Any CPU.Build.0 = Release|Any CPU
		{52DDAE2D-F8C4-4462-A6F6-C63867ACD86D}.Release|x86.ActiveCfg = Release|Any CPU
		{52DDAE2D-F8C4-4462-A6F6-C63867ACD86D}.Release|x86.Build.0 = Release|Any CPU
		{1F19C0DE-E777-48E9-856B-7376A7527EC0}.Debug|Any CPU.ActiveCfg = Debug|Any CPU
		{1F19C0DE-E777-48E9-856B-7376A7527EC0}.Debug|Any CPU.Build.0 = Debug|Any CPU
		{1F19C0DE-E777-48E9-856B-7376A7527EC0}.Debug|x86.ActiveCfg = Debug|Any CPU
		{1F19C0DE-E777-48E9-856B-7376A7527EC0}.Debug|x86.Build.0 = Debug|Any CPU
		{1F19C0DE-E777-48E9-856B-7376A7527EC0}.Release|Any CPU.ActiveCfg = Release|Any CPU
		{1F19C0DE-E777-48E9-856B-7376A7527EC0}.Release|Any CPU.Build.0 = Release|Any CPU
		{1F19C0DE-E777-48E9-856B-7376A7527EC0}.Release|x86.ActiveCfg = Release|Any CPU
		{1F19C0DE-E777-48E9-856B-7376A7527EC0}.Release|x86.Build.0 = Release|Any CPU
		{B2FEBEE3-398C-42C7-8365-7FA47828FC98}.Debug|Any CPU.ActiveCfg = Debug|x86
		{B2FEBEE3-398C-42C7-8365-7FA47828FC98}.Debug|x86.ActiveCfg = Debug|x86
		{B2FEBEE3-398C-42C7-8365-7FA47828FC98}.Debug|x86.Build.0 = Debug|x86
		{B2FEBEE3-398C-42C7-8365-7FA47828FC98}.Release|Any CPU.ActiveCfg = Release|x86
		{B2FEBEE3-398C-42C7-8365-7FA47828FC98}.Release|x86.ActiveCfg = Release|x86
		{B2FEBEE3-398C-42C7-8365-7FA47828FC98}.Release|x86.Build.0 = Release|x86
	EndGlobalSection
	GlobalSection(SolutionProperties) = preSolution
		HideSolutionNode = FALSE
	EndGlobalSection
EndGlobal
