
Microsoft Visual Studio Solution File, Format Version 12.00
# Visual Studio 14
VisualStudioVersion = 14.0.25420.1
MinimumVisualStudioVersion = 10.0.40219.1
Project("{FAE04EC0-301F-11D3-BF4B-00C04F79EFBC}") = "TeamStatusBoard", "Dashboard\TeamStatusBoard.csproj", "{804D7391-F138-4CBD-8D72-8B3D07BF011A}"
EndProject
Project("{FAE04EC0-301F-11D3-BF4B-00C04F79EFBC}") = "TeamStatusBoard.Tests", "Tests\TeamStatusBoard.Tests.csproj", "{52DDAE2D-F8C4-4462-A6F6-C63867ACD86D}"
EndProject
Project("{FAE04EC0-301F-11D3-BF4B-00C04F79EFBC}") = "TeamStatusBoard.Framework", "Dashboard.Framework\TeamStatusBoard.Framework.csproj", "{1F19C0DE-E777-48E9-856B-7376A7527EC0}"
EndProject
Project("{2150E333-8FDC-42A3-9474-1A3956D46DE8}") = "Documents", "Documents", "{0B50194A-CE8A-49CE-9AE2-CD4C96598A92}"
	ProjectSection(SolutionItems) = preProject
		README.md = README.md
	EndProjectSection
EndProject
Project("{2150E333-8FDC-42A3-9474-1A3956D46DE8}") = "Images", "Images", "{260E653D-BA80-4D11-B95F-BFAAF7801ABA}"
	ProjectSection(SolutionItems) = preProject
		Images\Screenshot01.png = Images\Screenshot01.png
		Images\Screenshot_MessageTile.png = Images\Screenshot_MessageTile.png
		Images\Screenshot_MessageTile_Config.png = Images\Screenshot_MessageTile_Config.png
		Images\Screenshot_TC_AgentTile_Error.png = Images\Screenshot_TC_AgentTile_Error.png
		Images\Screenshot_TC_ConfigTile_Building.png = Images\Screenshot_TC_ConfigTile_Building.png
		Images\Screenshot_TC_ConfigTile_Failed.png = Images\Screenshot_TC_ConfigTile_Failed.png
		Images\Screenshot_TC_ConfigTile_Succeeded.png = Images\Screenshot_TC_ConfigTile_Succeeded.png
		Images\Screenshot_TodaysDateTile.png = Images\Screenshot_TodaysDateTile.png
	EndProjectSection
EndProject
Project("{FAE04EC0-301F-11D3-BF4B-00C04F79EFBC}") = "TeamStatusBoard.TeamCity", "TeamDashboard.TeamCity\TeamStatusBoard.TeamCity.csproj", "{C02D0605-1460-486C-8943-46C090D0E9BB}"
EndProject
Project("{FAE04EC0-301F-11D3-BF4B-00C04F79EFBC}") = "TeamStatusBoard.Runner", "TeamStatusBoard.Runner\TeamStatusBoard.Runner.csproj", "{41191791-DDB3-4BC4-9C37-A73E037DDC3A}"
EndProject
Project("{FAE04EC0-301F-11D3-BF4B-00C04F79EFBC}") = "TeamStatusBoard.DataSources", "NoeticTools.TeamStatusBoard.DataSources\TeamStatusBoard.DataSources.csproj", "{518C2337-D955-4A86-910E-D6E09A6A1903}"
EndProject
Global
	GlobalSection(SolutionConfigurationPlatforms) = preSolution
		Debug|Any CPU = Debug|Any CPU
		Debug|x86 = Debug|x86
		Release|Any CPU = Release|Any CPU
		Release|x86 = Release|x86
	EndGlobalSection
	GlobalSection(ProjectConfigurationPlatforms) = postSolution
		{804D7391-F138-4CBD-8D72-8B3D07BF011A}.Debug|Any CPU.ActiveCfg = Debug|Any CPU
		{804D7391-F138-4CBD-8D72-8B3D07BF011A}.Debug|Any CPU.Build.0 = Debug|Any CPU
		{804D7391-F138-4CBD-8D72-8B3D07BF011A}.Debug|x86.ActiveCfg = Debug|Any CPU
		{804D7391-F138-4CBD-8D72-8B3D07BF011A}.Debug|x86.Build.0 = Debug|Any CPU
		{804D7391-F138-4CBD-8D72-8B3D07BF011A}.Release|Any CPU.ActiveCfg = Release|Any CPU
		{804D7391-F138-4CBD-8D72-8B3D07BF011A}.Release|Any CPU.Build.0 = Release|Any CPU
		{804D7391-F138-4CBD-8D72-8B3D07BF011A}.Release|x86.ActiveCfg = Release|Any CPU
		{804D7391-F138-4CBD-8D72-8B3D07BF011A}.Release|x86.Build.0 = Release|Any CPU
		{52DDAE2D-F8C4-4462-A6F6-C63867ACD86D}.Debug|Any CPU.ActiveCfg = Debug|Any CPU
		{52DDAE2D-F8C4-4462-A6F6-C63867ACD86D}.Debug|Any CPU.Build.0 = Debug|Any CPU
		{52DDAE2D-F8C4-4462-A6F6-C63867ACD86D}.Debug|x86.ActiveCfg = Debug|Any CPU
		{52DDAE2D-F8C4-4462-A6F6-C63867ACD86D}.Debug|x86.Build.0 = Debug|Any CPU
		{52DDAE2D-F8C4-4462-A6F6-C63867ACD86D}.Release|Any CPU.ActiveCfg = Release|Any CPU
		{52DDAE2D-F8C4-4462-A6F6-C63867ACD86D}.Release|Any CPU.Build.0 = Release|Any CPU
		{52DDAE2D-F8C4-4462-A6F6-C63867ACD86D}.Release|x86.ActiveCfg = Release|Any CPU
		{52DDAE2D-F8C4-4462-A6F6-C63867ACD86D}.Release|x86.Build.0 = Release|Any CPU
		{1F19C0DE-E777-48E9-856B-7376A7527EC0}.Debug|Any CPU.ActiveCfg = Debug|Any CPU
		{1F19C0DE-E777-48E9-856B-7376A7527EC0}.Debug|Any CPU.Build.0 = Debug|Any CPU
		{1F19C0DE-E777-48E9-856B-7376A7527EC0}.Debug|x86.ActiveCfg = Debug|Any CPU
		{1F19C0DE-E777-48E9-856B-7376A7527EC0}.Debug|x86.Build.0 = Debug|Any CPU
		{1F19C0DE-E777-48E9-856B-7376A7527EC0}.Release|Any CPU.ActiveCfg = Release|Any CPU
		{1F19C0DE-E777-48E9-856B-7376A7527EC0}.Release|Any CPU.Build.0 = Release|Any CPU
		{1F19C0DE-E777-48E9-856B-7376A7527EC0}.Release|x86.ActiveCfg = Release|Any CPU
		{1F19C0DE-E777-48E9-856B-7376A7527EC0}.Release|x86.Build.0 = Release|Any CPU
		{C02D0605-1460-486C-8943-46C090D0E9BB}.Debug|Any CPU.ActiveCfg = Debug|Any CPU
		{C02D0605-1460-486C-8943-46C090D0E9BB}.Debug|Any CPU.Build.0 = Debug|Any CPU
		{C02D0605-1460-486C-8943-46C090D0E9BB}.Debug|x86.ActiveCfg = Debug|Any CPU
		{C02D0605-1460-486C-8943-46C090D0E9BB}.Debug|x86.Build.0 = Debug|Any CPU
		{C02D0605-1460-486C-8943-46C090D0E9BB}.Release|Any CPU.ActiveCfg = Release|Any CPU
		{C02D0605-1460-486C-8943-46C090D0E9BB}.Release|Any CPU.Build.0 = Release|Any CPU
		{C02D0605-1460-486C-8943-46C090D0E9BB}.Release|x86.ActiveCfg = Release|Any CPU
		{C02D0605-1460-486C-8943-46C090D0E9BB}.Release|x86.Build.0 = Release|Any CPU
		{41191791-DDB3-4BC4-9C37-A73E037DDC3A}.Debug|Any CPU.ActiveCfg = Debug|Any CPU
		{41191791-DDB3-4BC4-9C37-A73E037DDC3A}.Debug|Any CPU.Build.0 = Debug|Any CPU
		{41191791-DDB3-4BC4-9C37-A73E037DDC3A}.Debug|x86.ActiveCfg = Debug|Any CPU
		{41191791-DDB3-4BC4-9C37-A73E037DDC3A}.Debug|x86.Build.0 = Debug|Any CPU
		{41191791-DDB3-4BC4-9C37-A73E037DDC3A}.Release|Any CPU.ActiveCfg = Release|Any CPU
		{41191791-DDB3-4BC4-9C37-A73E037DDC3A}.Release|Any CPU.Build.0 = Release|Any CPU
		{41191791-DDB3-4BC4-9C37-A73E037DDC3A}.Release|x86.ActiveCfg = Release|Any CPU
		{41191791-DDB3-4BC4-9C37-A73E037DDC3A}.Release|x86.Build.0 = Release|Any CPU
		{518C2337-D955-4A86-910E-D6E09A6A1903}.Debug|Any CPU.ActiveCfg = Debug|Any CPU
		{518C2337-D955-4A86-910E-D6E09A6A1903}.Debug|Any CPU.Build.0 = Debug|Any CPU
		{518C2337-D955-4A86-910E-D6E09A6A1903}.Debug|x86.ActiveCfg = Debug|Any CPU
		{518C2337-D955-4A86-910E-D6E09A6A1903}.Debug|x86.Build.0 = Debug|Any CPU
		{518C2337-D955-4A86-910E-D6E09A6A1903}.Release|Any CPU.ActiveCfg = Release|Any CPU
		{518C2337-D955-4A86-910E-D6E09A6A1903}.Release|Any CPU.Build.0 = Release|Any CPU
		{518C2337-D955-4A86-910E-D6E09A6A1903}.Release|x86.ActiveCfg = Release|Any CPU
		{518C2337-D955-4A86-910E-D6E09A6A1903}.Release|x86.Build.0 = Release|Any CPU
	EndGlobalSection
	GlobalSection(SolutionProperties) = preSolution
		HideSolutionNode = FALSE
	EndGlobalSection
EndGlobal
