
Microsoft Visual Studio Solution File, Format Version 12.00
# Visual Studio 14
VisualStudioVersion = 14.0.25420.1
MinimumVisualStudioVersion = 10.0.40219.1
Project("{FAE04EC0-301F-11D3-BF4B-00C04F79EFBC}") = "TeamStatusBoard", "Dashboard\TeamStatusBoard.csproj", "{804D7391-F138-4CBD-8D72-8B3D07BF011A}"
EndProject
Project("{FAE04EC0-301F-11D3-BF4B-00C04F79EFBC}") = "TeamStatusBoard.Tests", "Tests\TeamStatusBoard.Tests.csproj", "{52DDAE2D-F8C4-4462-A6F6-C63867ACD86D}"
EndProject
Project("{2150E333-8FDC-42A3-9474-1A3956D46DE8}") = "Documents", "Documents", "{0B50194A-CE8A-49CE-9AE2-CD4C96598A92}"
	ProjectSection(SolutionItems) = preProject
		README.md = README.md
	EndProjectSection
EndProject
Project("{2150E333-8FDC-42A3-9474-1A3956D46DE8}") = "Images", "Images", "{260E653D-BA80-4D11-B95F-BFAAF7801ABA}"
	ProjectSection(SolutionItems) = preProject
		Images\Screenshot01.png = Images\Screenshot01.png
		Images\Screenshot_MessageTile.png = Images\Screenshot_MessageTile.png
		Images\Screenshot_MessageTile_Config.png = Images\Screenshot_MessageTile_Config.png
		Images\Screenshot_TC_AgentTile_Error.png = Images\Screenshot_TC_AgentTile_Error.png
		Images\Screenshot_TC_ConfigTile_Building.png = Images\Screenshot_TC_ConfigTile_Building.png
		Images\Screenshot_TC_ConfigTile_Failed.png = Images\Screenshot_TC_ConfigTile_Failed.png
		Images\Screenshot_TC_ConfigTile_Succeeded.png = Images\Screenshot_TC_ConfigTile_Succeeded.png
		Images\Screenshot_TodaysDateTile.png = Images\Screenshot_TodaysDateTile.png
	EndProjectSection
EndProject
Project("{FAE04EC0-301F-11D3-BF4B-00C04F79EFBC}") = "Runner", "TeamStatusBoard.Runner\Runner.csproj", "{41191791-DDB3-4BC4-9C37-A73E037DDC3A}"
EndProject
Project("{FAE04EC0-301F-11D3-BF4B-00C04F79EFBC}") = "Tiles", "Tiles\Tiles.csproj", "{0D8AD799-5535-4AF4-A97E-C7B0CDD0A2ED}"
EndProject
Project("{FAE04EC0-301F-11D3-BF4B-00C04F79EFBC}") = "Styles", "Styles\Styles.csproj", "{6C579CD4-6FF8-4990-8E27-6353D02F1F53}"
EndProject
Project("{FAE04EC0-301F-11D3-BF4B-00C04F79EFBC}") = "Common", "Common\Common.csproj", "{04EBBAC1-C5EF-4B93-9B6F-D270AFA3E878}"
EndProject
Project("{2150E333-8FDC-42A3-9474-1A3956D46DE8}") = "DataSources", "DataSources", "{93BE6950-0916-4BA9-9A93-F142DB2421A7}"
EndProject
Project("{FAE04EC0-301F-11D3-BF4B-00C04F79EFBC}") = "TeamCity", "Sources\TeamCity\TeamCity.csproj", "{C02D0605-1460-486C-8943-46C090D0E9BB}"
EndProject
Project("{FAE04EC0-301F-11D3-BF4B-00C04F79EFBC}") = "DataSources", "Sources\DataSources\DataSources.csproj", "{518C2337-D955-4A86-910E-D6E09A6A1903}"
EndProject
Project("{FAE04EC0-301F-11D3-BF4B-00C04F79EFBC}") = "Jira", "Sources\Jira\Jira.csproj", "{834C3F0D-BB65-4D50-95C3-8DA84D0DB9C5}"
EndProject
Project("{FAE04EC0-301F-11D3-BF4B-00C04F79EFBC}") = "Persistence", "Persistence\Persistence.csproj", "{F80C1CE8-BD88-439B-B06B-7F0D510B63A9}"
EndProject
Project("{FAE04EC0-301F-11D3-BF4B-00C04F79EFBC}") = "Framework", "Framework\Framework\Framework.csproj", "{12B659C1-221A-4478-AB79-F44B2046C8F0}"
EndProject
Project("{2150E333-8FDC-42A3-9474-1A3956D46DE8}") = "Framework", "Framework", "{10710546-CAB8-4E0F-9C94-889E205C3D0B}"
EndProject
Global
	GlobalSection(SolutionConfigurationPlatforms) = preSolution
		Debug|Any CPU = Debug|Any CPU
		Debug|x86 = Debug|x86
		Release|Any CPU = Release|Any CPU
		Release|x86 = Release|x86
	EndGlobalSection
	GlobalSection(ProjectConfigurationPlatforms) = postSolution
		{804D7391-F138-4CBD-8D72-8B3D07BF011A}.Debug|Any CPU.ActiveCfg = Debug|Any CPU
		{804D7391-F138-4CBD-8D72-8B3D07BF011A}.Debug|Any CPU.Build.0 = Debug|Any CPU
		{804D7391-F138-4CBD-8D72-8B3D07BF011A}.Debug|x86.ActiveCfg = Debug|Any CPU
		{804D7391-F138-4CBD-8D72-8B3D07BF011A}.Debug|x86.Build.0 = Debug|Any CPU
		{804D7391-F138-4CBD-8D72-8B3D07BF011A}.Release|Any CPU.ActiveCfg = Release|Any CPU
		{804D7391-F138-4CBD-8D72-8B3D07BF011A}.Release|Any CPU.Build.0 = Release|Any CPU
		{804D7391-F138-4CBD-8D72-8B3D07BF011A}.Release|x86.ActiveCfg = Release|Any CPU
		{804D7391-F138-4CBD-8D72-8B3D07BF011A}.Release|x86.Build.0 = Release|Any CPU
		{52DDAE2D-F8C4-4462-A6F6-C63867ACD86D}.Debug|Any CPU.ActiveCfg = Debug|Any CPU
		{52DDAE2D-F8C4-4462-A6F6-C63867ACD86D}.Debug|Any CPU.Build.0 = Debug|Any CPU
		{52DDAE2D-F8C4-4462-A6F6-C63867ACD86D}.Debug|x86.ActiveCfg = Debug|Any CPU
		{52DDAE2D-F8C4-4462-A6F6-C63867ACD86D}.Debug|x86.Build.0 = Debug|Any CPU
		{52DDAE2D-F8C4-4462-A6F6-C63867ACD86D}.Release|Any CPU.ActiveCfg = Release|Any CPU
		{52DDAE2D-F8C4-4462-A6F6-C63867ACD86D}.Release|Any CPU.Build.0 = Release|Any CPU
		{52DDAE2D-F8C4-4462-A6F6-C63867ACD86D}.Release|x86.ActiveCfg = Release|Any CPU
		{52DDAE2D-F8C4-4462-A6F6-C63867ACD86D}.Release|x86.Build.0 = Release|Any CPU
		{41191791-DDB3-4BC4-9C37-A73E037DDC3A}.Debug|Any CPU.ActiveCfg = Debug|Any CPU
		{41191791-DDB3-4BC4-9C37-A73E037DDC3A}.Debug|Any CPU.Build.0 = Debug|Any CPU
		{41191791-DDB3-4BC4-9C37-A73E037DDC3A}.Debug|x86.ActiveCfg = Debug|Any CPU
		{41191791-DDB3-4BC4-9C37-A73E037DDC3A}.Debug|x86.Build.0 = Debug|Any CPU
		{41191791-DDB3-4BC4-9C37-A73E037DDC3A}.Release|Any CPU.ActiveCfg = Release|Any CPU
		{41191791-DDB3-4BC4-9C37-A73E037DDC3A}.Release|Any CPU.Build.0 = Release|Any CPU
		{41191791-DDB3-4BC4-9C37-A73E037DDC3A}.Release|x86.ActiveCfg = Release|Any CPU
		{41191791-DDB3-4BC4-9C37-A73E037DDC3A}.Release|x86.Build.0 = Release|Any CPU
		{0D8AD799-5535-4AF4-A97E-C7B0CDD0A2ED}.Debug|Any CPU.ActiveCfg = Debug|Any CPU
		{0D8AD799-5535-4AF4-A97E-C7B0CDD0A2ED}.Debug|Any CPU.Build.0 = Debug|Any CPU
		{0D8AD799-5535-4AF4-A97E-C7B0CDD0A2ED}.Debug|x86.ActiveCfg = Debug|Any CPU
		{0D8AD799-5535-4AF4-A97E-C7B0CDD0A2ED}.Debug|x86.Build.0 = Debug|Any CPU
		{0D8AD799-5535-4AF4-A97E-C7B0CDD0A2ED}.Release|Any CPU.ActiveCfg = Release|Any CPU
		{0D8AD799-5535-4AF4-A97E-C7B0CDD0A2ED}.Release|Any CPU.Build.0 = Release|Any CPU
		{0D8AD799-5535-4AF4-A97E-C7B0CDD0A2ED}.Release|x86.ActiveCfg = Release|Any CPU
		{0D8AD799-5535-4AF4-A97E-C7B0CDD0A2ED}.Release|x86.Build.0 = Release|Any CPU
		{6C579CD4-6FF8-4990-8E27-6353D02F1F53}.Debug|Any CPU.ActiveCfg = Debug|Any CPU
		{6C579CD4-6FF8-4990-8E27-6353D02F1F53}.Debug|Any CPU.Build.0 = Debug|Any CPU
		{6C579CD4-6FF8-4990-8E27-6353D02F1F53}.Debug|x86.ActiveCfg = Debug|Any CPU
		{6C579CD4-6FF8-4990-8E27-6353D02F1F53}.Debug|x86.Build.0 = Debug|Any CPU
		{6C579CD4-6FF8-4990-8E27-6353D02F1F53}.Release|Any CPU.ActiveCfg = Release|Any CPU
		{6C579CD4-6FF8-4990-8E27-6353D02F1F53}.Release|Any CPU.Build.0 = Release|Any CPU
		{6C579CD4-6FF8-4990-8E27-6353D02F1F53}.Release|x86.ActiveCfg = Release|Any CPU
		{6C579CD4-6FF8-4990-8E27-6353D02F1F53}.Release|x86.Build.0 = Release|Any CPU
		{04EBBAC1-C5EF-4B93-9B6F-D270AFA3E878}.Debug|Any CPU.ActiveCfg = Debug|Any CPU
		{04EBBAC1-C5EF-4B93-9B6F-D270AFA3E878}.Debug|Any CPU.Build.0 = Debug|Any CPU
		{04EBBAC1-C5EF-4B93-9B6F-D270AFA3E878}.Debug|x86.ActiveCfg = Debug|Any CPU
		{04EBBAC1-C5EF-4B93-9B6F-D270AFA3E878}.Debug|x86.Build.0 = Debug|Any CPU
		{04EBBAC1-C5EF-4B93-9B6F-D270AFA3E878}.Release|Any CPU.ActiveCfg = Release|Any CPU
		{04EBBAC1-C5EF-4B93-9B6F-D270AFA3E878}.Release|Any CPU.Build.0 = Release|Any CPU
		{04EBBAC1-C5EF-4B93-9B6F-D270AFA3E878}.Release|x86.ActiveCfg = Release|Any CPU
		{04EBBAC1-C5EF-4B93-9B6F-D270AFA3E878}.Release|x86.Build.0 = Release|Any CPU
		{C02D0605-1460-486C-8943-46C090D0E9BB}.Debug|Any CPU.ActiveCfg = Debug|Any CPU
		{C02D0605-1460-486C-8943-46C090D0E9BB}.Debug|Any CPU.Build.0 = Debug|Any CPU
		{C02D0605-1460-486C-8943-46C090D0E9BB}.Debug|x86.ActiveCfg = Debug|Any CPU
		{C02D0605-1460-486C-8943-46C090D0E9BB}.Debug|x86.Build.0 = Debug|Any CPU
		{C02D0605-1460-486C-8943-46C090D0E9BB}.Release|Any CPU.ActiveCfg = Release|Any CPU
		{C02D0605-1460-486C-8943-46C090D0E9BB}.Release|Any CPU.Build.0 = Release|Any CPU
		{C02D0605-1460-486C-8943-46C090D0E9BB}.Release|x86.ActiveCfg = Release|Any CPU
		{C02D0605-1460-486C-8943-46C090D0E9BB}.Release|x86.Build.0 = Release|Any CPU
		{518C2337-D955-4A86-910E-D6E09A6A1903}.Debug|Any CPU.ActiveCfg = Debug|Any CPU
		{518C2337-D955-4A86-910E-D6E09A6A1903}.Debug|Any CPU.Build.0 = Debug|Any CPU
		{518C2337-D955-4A86-910E-D6E09A6A1903}.Debug|x86.ActiveCfg = Debug|Any CPU
		{518C2337-D955-4A86-910E-D6E09A6A1903}.Debug|x86.Build.0 = Debug|Any CPU
		{518C2337-D955-4A86-910E-D6E09A6A1903}.Release|Any CPU.ActiveCfg = Release|Any CPU
		{518C2337-D955-4A86-910E-D6E09A6A1903}.Release|Any CPU.Build.0 = Release|Any CPU
		{518C2337-D955-4A86-910E-D6E09A6A1903}.Release|x86.ActiveCfg = Release|Any CPU
		{518C2337-D955-4A86-910E-D6E09A6A1903}.Release|x86.Build.0 = Release|Any CPU
		{834C3F0D-BB65-4D50-95C3-8DA84D0DB9C5}.Debug|Any CPU.ActiveCfg = Debug|Any CPU
		{834C3F0D-BB65-4D50-95C3-8DA84D0DB9C5}.Debug|Any CPU.Build.0 = Debug|Any CPU
		{834C3F0D-BB65-4D50-95C3-8DA84D0DB9C5}.Debug|x86.ActiveCfg = Debug|Any CPU
		{834C3F0D-BB65-4D50-95C3-8DA84D0DB9C5}.Debug|x86.Build.0 = Debug|Any CPU
		{834C3F0D-BB65-4D50-95C3-8DA84D0DB9C5}.Release|Any CPU.ActiveCfg = Release|Any CPU
		{834C3F0D-BB65-4D50-95C3-8DA84D0DB9C5}.Release|Any CPU.Build.0 = Release|Any CPU
		{834C3F0D-BB65-4D50-95C3-8DA84D0DB9C5}.Release|x86.ActiveCfg = Release|Any CPU
		{834C3F0D-BB65-4D50-95C3-8DA84D0DB9C5}.Release|x86.Build.0 = Release|Any CPU
		{F80C1CE8-BD88-439B-B06B-7F0D510B63A9}.Debug|Any CPU.ActiveCfg = Debug|Any CPU
		{F80C1CE8-BD88-439B-B06B-7F0D510B63A9}.Debug|Any CPU.Build.0 = Debug|Any CPU
		{F80C1CE8-BD88-439B-B06B-7F0D510B63A9}.Debug|x86.ActiveCfg = Debug|Any CPU
		{F80C1CE8-BD88-439B-B06B-7F0D510B63A9}.Debug|x86.Build.0 = Debug|Any CPU
		{F80C1CE8-BD88-439B-B06B-7F0D510B63A9}.Release|Any CPU.ActiveCfg = Release|Any CPU
		{F80C1CE8-BD88-439B-B06B-7F0D510B63A9}.Release|Any CPU.Build.0 = Release|Any CPU
		{F80C1CE8-BD88-439B-B06B-7F0D510B63A9}.Release|x86.ActiveCfg = Release|Any CPU
		{F80C1CE8-BD88-439B-B06B-7F0D510B63A9}.Release|x86.Build.0 = Release|Any CPU
		{12B659C1-221A-4478-AB79-F44B2046C8F0}.Debug|Any CPU.ActiveCfg = Debug|Any CPU
		{12B659C1-221A-4478-AB79-F44B2046C8F0}.Debug|Any CPU.Build.0 = Debug|Any CPU
		{12B659C1-221A-4478-AB79-F44B2046C8F0}.Debug|x86.ActiveCfg = Debug|Any CPU
		{12B659C1-221A-4478-AB79-F44B2046C8F0}.Debug|x86.Build.0 = Debug|Any CPU
		{12B659C1-221A-4478-AB79-F44B2046C8F0}.Release|Any CPU.ActiveCfg = Release|Any CPU
		{12B659C1-221A-4478-AB79-F44B2046C8F0}.Release|Any CPU.Build.0 = Release|Any CPU
		{12B659C1-221A-4478-AB79-F44B2046C8F0}.Release|x86.ActiveCfg = Release|Any CPU
		{12B659C1-221A-4478-AB79-F44B2046C8F0}.Release|x86.Build.0 = Release|Any CPU
	EndGlobalSection
	GlobalSection(SolutionProperties) = preSolution
		HideSolutionNode = FALSE
	EndGlobalSection
	GlobalSection(NestedProjects) = preSolution
		{41191791-DDB3-4BC4-9C37-A73E037DDC3A} = {10710546-CAB8-4E0F-9C94-889E205C3D0B}
		{6C579CD4-6FF8-4990-8E27-6353D02F1F53} = {10710546-CAB8-4E0F-9C94-889E205C3D0B}
		{04EBBAC1-C5EF-4B93-9B6F-D270AFA3E878} = {10710546-CAB8-4E0F-9C94-889E205C3D0B}
		{C02D0605-1460-486C-8943-46C090D0E9BB} = {93BE6950-0916-4BA9-9A93-F142DB2421A7}
		{518C2337-D955-4A86-910E-D6E09A6A1903} = {93BE6950-0916-4BA9-9A93-F142DB2421A7}
		{834C3F0D-BB65-4D50-95C3-8DA84D0DB9C5} = {93BE6950-0916-4BA9-9A93-F142DB2421A7}
		{F80C1CE8-BD88-439B-B06B-7F0D510B63A9} = {10710546-CAB8-4E0F-9C94-889E205C3D0B}
		{12B659C1-221A-4478-AB79-F44B2046C8F0} = {10710546-CAB8-4E0F-9C94-889E205C3D0B}
	EndGlobalSection
EndGlobal
